{
  "requires": true,
  "lockfileVersion": 1,
  "dependencies": {
    "balanced-match": {
      "version": "1.0.0",
      "resolved": "https://registry.npm.taobao.org/balanced-match/download/balanced-match-1.0.0.tgz",
      "integrity": "sha512-9Y0g0Q8rmSt+H33DfKv7FOc3v+iRI+o1lbzt8jGcIosYW37IIW/2XVYq5NPdmaD5NQ59Nk26Kl/vZbwW9Fr8vg=="
    },
    "base64-js": {
      "version": "1.3.1",
      "resolved": "https://registry.npm.taobao.org/base64-js/download/base64-js-1.3.1.tgz",
      "integrity": "sha512-mLQ4i2QO1ytvGWFWmcngKO//JXAQueZvwEKtjgQFM4jIK0kU+ytMfplL8j+n5mspOfjHwoAg+9yhb7BwAHm36g=="
    },
    "big-integer": {
      "version": "1.6.48",
      "resolved": "https://registry.npm.taobao.org/big-integer/download/big-integer-1.6.48.tgz?cache=0&sync_timestamp=1573453901790&other_urls=https%3A%2F%2Fregistry.npm.taobao.org%2Fbig-integer%2Fdownload%2Fbig-integer-1.6.48.tgz",
      "integrity": "sha1-j9iL0WMsukocjD49cVnwi7lbS54="
    },
    "bplist-creator": {
      "version": "0.0.8",
      "resolved": "https://registry.npm.taobao.org/bplist-creator/download/bplist-creator-0.0.8.tgz",
      "integrity": "sha512-Za9JKzD6fjLC16oX2wsXfc+qBEhJBJB1YPInoAQpMLhDuj5aVOv1baGeIQSq1Fr3OCqzvsoQcSBSwGId/Ja2PA==",
      "requires": {
        "stream-buffers": "~2.2.0"
      }
    },
    "brace-expansion": {
      "version": "1.1.11",
      "resolved": "https://registry.npm.taobao.org/brace-expansion/download/brace-expansion-1.1.11.tgz",
      "integrity": "sha1-PH/L9SnYcibz0vUrlm/1Jx60Qd0=",
      "requires": {
        "balanced-match": "^1.0.0",
        "concat-map": "0.0.1"
      }
    },
    "concat-map": {
      "version": "0.0.1",
      "resolved": "https://registry.npm.taobao.org/concat-map/download/concat-map-0.0.1.tgz",
      "integrity": "sha512-/Srv4dswyQNBfohGpz9o6Yb3Gz3SrUDqBH5rTuhGR7ahtlbYKnVxw2bCFMRljaA7EXHaXZ8wsHdodFvbkhKmqg=="
    },
    "cordova-android": {
      "version": "7.1.4",
      "resolved": "https://registry.npm.taobao.org/cordova-android/download/cordova-android-7.1.4.tgz?cache=0&sync_timestamp=1603415679991&other_urls=https%3A%2F%2Fregistry.npm.taobao.org%2Fcordova-android%2Fdownload%2Fcordova-android-7.1.4.tgz",
      "integrity": "sha1-JSYa1mzGT0KjC3C+AFkB+jDiQw4=",
      "requires": {
        "abbrev": "*",
        "android-versions": "1.4.0",
        "ansi": "*",
        "balanced-match": "*",
        "base64-js": "1.2.0",
        "big-integer": "1.6.32",
        "bplist-parser": "*",
        "brace-expansion": "*",
        "concat-map": "*",
        "cordova-common": "2.2.5",
        "cordova-registry-mapper": "*",
        "elementtree": "0.1.6",
        "glob": "5.0.15",
        "inflight": "*",
        "inherits": "*",
        "minimatch": "*",
        "nopt": "3.0.1",
        "once": "*",
        "path-is-absolute": "1.0.1",
        "plist": "2.1.0",
        "properties-parser": "0.2.3",
        "q": "1.4.1",
        "sax": "0.3.5",
        "semver": "5.5.0",
        "shelljs": "0.5.3",
        "underscore": "*",
        "unorm": "*",
        "wrappy": "*",
        "xmlbuilder": "8.2.2",
        "xmldom": "*"
      },
      "dependencies": {
        "abbrev": {
          "version": "1.1.1",
          "bundled": true
        },
        "android-versions": {
          "version": "1.4.0",
          "bundled": true,
          "requires": {
            "semver": "^5.4.1"
          }
        },
        "ansi": {
          "version": "0.3.1",
          "bundled": true
        },
        "balanced-match": {
          "version": "1.0.0",
          "bundled": true
        },
        "base64-js": {
          "version": "1.2.0",
          "bundled": true
        },
        "big-integer": {
          "version": "1.6.32",
          "bundled": true
        },
        "bplist-parser": {
          "version": "0.1.1",
          "bundled": true,
          "requires": {
            "big-integer": "^1.6.7"
          }
        },
        "brace-expansion": {
          "version": "1.1.11",
          "bundled": true,
          "requires": {
            "balanced-match": "^1.0.0",
            "concat-map": "0.0.1"
          }
        },
        "concat-map": {
          "version": "0.0.1",
          "bundled": true
        },
        "cordova-common": {
          "version": "2.2.5",
          "bundled": true,
          "requires": {
            "ansi": "^0.3.1",
            "bplist-parser": "^0.1.0",
            "cordova-registry-mapper": "^1.1.8",
            "elementtree": "0.1.6",
            "glob": "^5.0.13",
            "minimatch": "^3.0.0",
            "plist": "^2.1.0",
            "q": "^1.4.1",
            "shelljs": "^0.5.3",
            "underscore": "^1.8.3",
            "unorm": "^1.3.3"
          }
        },
        "cordova-registry-mapper": {
          "version": "1.1.15",
          "bundled": true
        },
        "elementtree": {
          "version": "0.1.6",
          "bundled": true,
          "requires": {
            "sax": "0.3.5"
          }
        },
        "glob": {
          "version": "5.0.15",
          "bundled": true,
          "requires": {
            "inflight": "^1.0.4",
            "inherits": "2",
            "minimatch": "2 || 3",
            "once": "^1.3.0",
            "path-is-absolute": "^1.0.0"
          }
        },
        "inflight": {
          "version": "1.0.6",
          "bundled": true,
          "requires": {
            "once": "^1.3.0",
            "wrappy": "1"
          }
        },
        "inherits": {
          "version": "2.0.3",
          "bundled": true
        },
        "minimatch": {
          "version": "3.0.4",
          "bundled": true,
          "requires": {
            "brace-expansion": "^1.1.7"
          }
        },
        "nopt": {
          "version": "3.0.1",
          "bundled": true,
          "requires": {
            "abbrev": "1"
          }
        },
        "once": {
          "version": "1.4.0",
          "bundled": true,
          "requires": {
            "wrappy": "1"
          }
        },
        "path-is-absolute": {
          "version": "1.0.1",
          "bundled": true
        },
        "plist": {
          "version": "2.1.0",
          "bundled": true,
          "requires": {
            "base64-js": "1.2.0",
            "xmlbuilder": "8.2.2",
            "xmldom": "0.1.x"
          }
        },
        "properties-parser": {
          "version": "0.2.3",
          "bundled": true
        },
        "q": {
          "version": "1.4.1",
          "bundled": true
        },
        "sax": {
          "version": "0.3.5",
          "bundled": true
        },
        "semver": {
          "version": "5.5.0",
          "bundled": true
        },
        "shelljs": {
          "version": "0.5.3",
          "bundled": true
        },
        "underscore": {
          "version": "1.9.1",
          "bundled": true
        },
        "unorm": {
          "version": "1.4.1",
          "bundled": true
        },
        "wrappy": {
          "version": "1.0.2",
          "bundled": true
        },
        "xmlbuilder": {
          "version": "8.2.2",
          "bundled": true
        },
        "xmldom": {
          "version": "0.1.27",
          "bundled": true
        }
      }
    },
    "cordova-hot-code-push-plugin": {
      "version": "1.5.3",
      "resolved": "https://registry.npm.taobao.org/cordova-hot-code-push-plugin/download/cordova-hot-code-push-plugin-1.5.3.tgz",
      "integrity": "sha512-z9ez6ZlR3ZsgwJW/nB9mJ555aFldzu3ot2V9VmbSmPal5PC06c1Tsmqz7vIMylOs5AXoWkMUCr530KrpBbUTwQ==",
      "requires": {
        "xml2js": "^0.4"
      }
    },
    "cordova-plugin-add-swift-support": {
      "version": "2.0.2",
      "resolved": "https://registry.npm.taobao.org/cordova-plugin-add-swift-support/download/cordova-plugin-add-swift-support-2.0.2.tgz",
      "integrity": "sha512-K03WDnsD3GT+n7Od3BnS17D8rYnAFZbZjjQJa2r7qW8QLq8+h7hGbFaiF+w5+nUtyAqUNq+HT/d/MdqBGLNzxA==",
      "requires": {
        "glob": "^7.1.3",
        "semver": "^6.0.0",
        "xcode": "^2.0.0"
      },
      "dependencies": {
        "semver": {
          "version": "6.3.0",
          "resolved": "https://registry.npm.taobao.org/semver/download/semver-6.3.0.tgz",
          "integrity": "sha512-b39TBaTSfV6yBrapU89p5fKekE2m/NwnDocOVruQFS1/veMgdzuPcnOM34M6CwxW8jH/lxEa5rBoDeUwu5HHTw=="
        }
      }
    },
    "cordova-plugin-battery-status": {
      "version": "2.0.3",
      "resolved": "https://registry.npm.taobao.org/cordova-plugin-battery-status/download/cordova-plugin-battery-status-2.0.3.tgz",
      "integrity": "sha512-H1vSLWbDb/qivGPVV/sjAaDnF8VEoa1uOYdrTJpYrs9vRAe3S37y8Fa5LoBuKkspWiQ5P3D8q+iTnsPF0UAO7g=="
    },
    "cordova-plugin-camera": {
      "version": "4.1.0",
      "resolved": "https://registry.npm.taobao.org/cordova-plugin-camera/download/cordova-plugin-camera-4.1.0.tgz?cache=0&sync_timestamp=1562860479396&other_urls=https%3A%2F%2Fregistry.npm.taobao.org%2Fcordova-plugin-camera%2Fdownload%2Fcordova-plugin-camera-4.1.0.tgz",
      "integrity": "sha1-ZHSj4IDEZiqgD9dCVwXTAcaT3cA="
    },
    "cordova-plugin-contacts": {
      "version": "3.0.1",
      "resolved": "https://registry.npm.taobao.org/cordova-plugin-contacts/download/cordova-plugin-contacts-3.0.1.tgz",
      "integrity": "sha512-gAzt6rmiOTzTYGu+hyjVB5L/pYrHnLZUDaMQB6GC3uuLQZFqeZaGiRPgxCphFzfzKQ0Fi/J0/9+7tFB0DRq4yg=="
    },
    "cordova-plugin-device": {
      "version": "2.0.3",
      "resolved": "https://registry.npm.taobao.org/cordova-plugin-device/download/cordova-plugin-device-2.0.3.tgz?cache=0&sync_timestamp=1562089310547&other_urls=https%3A%2F%2Fregistry.npm.taobao.org%2Fcordova-plugin-device%2Fdownload%2Fcordova-plugin-device-2.0.3.tgz",
      "integrity": "sha1-wrQbfv0EVd0Jf4k1bYW/3V2t6w8="
    },
    "cordova-plugin-file": {
      "version": "6.0.2",
      "resolved": "https://registry.npm.taobao.org/cordova-plugin-file/download/cordova-plugin-file-6.0.2.tgz",
      "integrity": "sha512-m7cughw327CjONN/qjzsTpSesLaeybksQh420/gRuSXJX5Zt9NfgsSbqqKDon6jnQ9Mm7h7imgyO2uJ34XMBtA=="
    },
    "cordova-plugin-file-opener2": {
      "version": "3.0.3",
      "resolved": "https://registry.npm.taobao.org/cordova-plugin-file-opener2/download/cordova-plugin-file-opener2-3.0.3.tgz",
      "integrity": "sha1-kh1J8xmTSr/WFWOQ9tDgNOGsl6Y="
    },
    "cordova-plugin-file-transfer": {
      "version": "1.7.1",
      "resolved": "https://registry.npm.taobao.org/cordova-plugin-file-transfer/download/cordova-plugin-file-transfer-1.7.1.tgz",
      "integrity": "sha512-SKYdtSRzfssejNTwRLPZKv4LU3a6uA95KpQFQb1PlJHsCVkNO+Ituu2hbBwr5NUr/dBfcGvtYBQyQ5MqfMylTw=="
    },
    "cordova-plugin-fingerprint-aio": {
      "version": "3.0.1",
      "resolved": "https://registry.npm.taobao.org/cordova-plugin-fingerprint-aio/download/cordova-plugin-fingerprint-aio-3.0.1.tgz",
      "integrity": "sha512-Sgbv8Ykk74Ov1foEZg77owIqmHZoGktsv41rmW8KAAMf2JE93AawvQdUCYYROnk+ozG3D9ItELa5yhYU8i7Zhw==",
      "requires": {
        "cordova-plugin-add-swift-support": "^2.0.2"
      }
    },
    "cordova-plugin-geolocation": {
      "version": "4.0.2",
      "resolved": "https://registry.npm.taobao.org/cordova-plugin-geolocation/download/cordova-plugin-geolocation-4.0.2.tgz",
      "integrity": "sha512-QGThnPKzPxESHkruZlpE0+5aFBVOet8al0vIJ7laSUOQHIC1dd/JY6peVIbtLboKi5Dap1wCKRubOqPqH8xcQA=="
    },
    "cordova-plugin-jcore": {
      "version": "1.3.3",
      "resolved": "https://registry.npm.taobao.org/cordova-plugin-jcore/download/cordova-plugin-jcore-1.3.3.tgz",
      "integrity": "sha1-2VcRt6HiAEduQiTaw00ork594B8="
    },
    "cordova-plugin-media": {
      "version": "5.0.3",
      "resolved": "https://registry.npm.taobao.org/cordova-plugin-media/download/cordova-plugin-media-5.0.3.tgz",
      "integrity": "sha512-UQPFlpk1zL4BY44zGi8RVmYCvcKBCN4Dyf8ovxqGYCC8zR1yhbTRWYDdO9vJdERwbfgWV7+z7FMWiSUfqWm9bQ=="
    },
    "cordova-plugin-qr-barcode-scanner": {
      "version": "8.0.3",
      "resolved": "https://registry.npm.taobao.org/cordova-plugin-qr-barcode-scanner/download/cordova-plugin-qr-barcode-scanner-8.0.3.tgz",
      "integrity": "sha512-K1AxfEvKr0N3PsVI7+XwkbaxFzAODRkLpvr6lwOBJc26ePgJOfaLfhUnPT+kmccPVyUQ5VIRzzEoPMKuBvbqxQ=="
    },
    "cordova-plugin-screen-orientation": {
      "version": "3.0.2",
      "resolved": "https://registry.npm.taobao.org/cordova-plugin-screen-orientation/download/cordova-plugin-screen-orientation-3.0.2.tgz",
      "integrity": "sha512-2w6CMC+HGvbhogJetalwGurL2Fx8DQCCPy3wlSZHN1/W7WoQ5n9ujVozcoKrY4VaagK6bxrPFih+ElkO8Uqfzg=="
    },
    "cordova-plugin-vibration": {
      "version": "3.1.1",
      "resolved": "https://registry.npm.taobao.org/cordova-plugin-vibration/download/cordova-plugin-vibration-3.1.1.tgz",
      "integrity": "sha512-qgv67Rueo4Pydfant3TwnXeFiN9dl+6lKMM6h5jYg9XewiGAGOr8vfWsTvQssC3m3xMKGS1ap3xPNH+BzZ4RMA=="
    },
    "cordova-plugin-whitelist": {
      "version": "1.3.4",
      "resolved": "https://registry.npm.taobao.org/cordova-plugin-whitelist/download/cordova-plugin-whitelist-1.3.4.tgz",
      "integrity": "sha1-MZOFRcfD5941wgqwjCw6+gboo/k=",
      "dev": true
    },
    "es6-promise-plugin": {
      "version": "4.2.2",
      "resolved": "https://registry.npm.taobao.org/es6-promise-plugin/download/es6-promise-plugin-4.2.2.tgz",
      "integrity": "sha512-uoA4aVplXI9oqUYJFBAVRwAqIN9/n9JgrTAUGX3qPbnSZVE5yY1+6/MsoN5f4xsaPO62WjPHOdtts6okMN6tNA=="
    },
    "fs.realpath": {
      "version": "1.0.0",
      "resolved": "https://registry.npm.taobao.org/fs.realpath/download/fs.realpath-1.0.0.tgz",
      "integrity": "sha512-OO0pH2lK6a0hZnAdau5ItzHPI6pUlvI7jMVnxUQRtw4owF2wk8lOSabtGDCTP4Ggrg2MbGnWO9X8K1t4+fGMDw=="
    },
    "glob": {
      "version": "7.1.6",
      "resolved": "https://registry.npm.taobao.org/glob/download/glob-7.1.6.tgz",
      "integrity": "sha512-LwaxwyZ72Lk7vZINtNNrywX0ZuLyStrdDtabefZKAY5ZGJhVtgdznluResxNmPitE0SAO+O26sWTHeKSI2wMBA==",
      "requires": {
        "fs.realpath": "^1.0.0",
        "inflight": "^1.0.4",
        "inherits": "2",
        "minimatch": "^3.0.4",
        "once": "^1.3.0",
        "path-is-absolute": "^1.0.0"
      }
    },
    "inflight": {
      "version": "1.0.6",
      "resolved": "https://registry.npm.taobao.org/inflight/download/inflight-1.0.6.tgz",
      "integrity": "sha512-k92I/b08q4wvFscXCLvqfsHCrjrF7yiXsQuIVvVE7N82W3+aqpzuUdBbfhWcy/FZR3/4IgflMgKLOsvPDrGCJA==",
      "requires": {
        "once": "^1.3.0",
        "wrappy": "1"
      }
    },
    "inherits": {
      "version": "2.0.4",
      "resolved": "https://registry.npm.taobao.org/inherits/download/inherits-2.0.4.tgz?cache=0&other_urls=https%3A%2F%2Fregistry.npm.taobao.org%2Finherits%2Fdownload%2Finherits-2.0.4.tgz",
      "integrity": "sha1-D6LGT5MpF8NDOg3tVTY6rjdBa3w="
    },
    "jpush-phonegap-plugin": {
      "version": "3.7.6",
      "resolved": "https://registry.npm.taobao.org/jpush-phonegap-plugin/download/jpush-phonegap-plugin-3.7.6.tgz",
      "integrity": "sha1-pf3COPOcLmqV+0V9t1ioTMdlEiU="
    },
    "minimatch": {
      "version": "3.0.4",
      "resolved": "https://registry.npm.taobao.org/minimatch/download/minimatch-3.0.4.tgz?cache=0&other_urls=https%3A%2F%2Fregistry.npm.taobao.org%2Fminimatch%2Fdownload%2Fminimatch-3.0.4.tgz",
      "integrity": "sha1-UWbihkV/AzBgZL5Ul+jbsMPTIIM=",
      "requires": {
        "brace-expansion": "^1.1.7"
      }
    },
    "minimist": {
      "version": "1.2.5",
      "resolved": "https://registry.npm.taobao.org/minimist/download/minimist-1.2.5.tgz",
      "integrity": "sha1-Z9ZgFLZqaoqqDAg8X9WN9OTpdgI=",
      "dev": true
    },
    "once": {
      "version": "1.4.0",
      "resolved": "https://registry.npm.taobao.org/once/download/once-1.4.0.tgz",
      "integrity": "sha512-lNaJgI+2Q5URQBkccEKHTQOPaXdUxnZZElQTZY0MFUAuaEqe1E+Nyvgdz/aIyNi6Z9MzO5dv1H8n58/GELp3+w==",
      "requires": {
        "wrappy": "1"
      }
    },
    "path-is-absolute": {
      "version": "1.0.1",
      "resolved": "https://registry.npm.taobao.org/path-is-absolute/download/path-is-absolute-1.0.1.tgz",
      "integrity": "sha512-AVbw3UJ2e9bq64vSaS9Am0fje1Pa8pbGqTTsmXfaIiMpnr5DlDhfJOuLj9Sf95ZPVDAUerDfEk88MPmPe7UCQg=="
    },
    "plist": {
      "version": "3.0.1",
      "resolved": "https://registry.npm.taobao.org/plist/download/plist-3.0.1.tgz",
      "integrity": "sha512-GpgvHHocGRyQm74b6FWEZZVRroHKE1I0/BTjAmySaohK+cUn+hZpbqXkc3KWgW3gQYkqcQej35FohcT0FRlkRQ==",
      "requires": {
        "base64-js": "^1.2.3",
        "xmlbuilder": "^9.0.7",
        "xmldom": "0.1.x"
      }
    },
    "sax": {
      "version": "1.1.4",
      "resolved": "https://registry.npm.taobao.org/sax/download/sax-1.1.4.tgz",
      "integrity": "sha1-dLbTPJrh4AFRDxeakRaFiPGu2qk="
    },
    "simple-plist": {
      "version": "1.1.0",
      "resolved": "https://registry.npm.taobao.org/simple-plist/download/simple-plist-1.1.0.tgz",
      "integrity": "sha1-g1SrY+s5IqBUx4zpbCCcUy6QeiM=",
      "requires": {
        "bplist-creator": "0.0.8",
        "bplist-parser": "0.2.0",
        "plist": "^3.0.1"
      },
      "dependencies": {
        "bplist-parser": {
          "version": "0.2.0",
          "resolved": "https://registry.npm.taobao.org/bplist-parser/download/bplist-parser-0.2.0.tgz",
          "integrity": "sha1-Q6nRg+W/nVRSAM6sPnEveeu+jQ4=",
          "requires": {
            "big-integer": "^1.6.44"
          }
        }
      }
    },
    "stream-buffers": {
      "version": "2.2.0",
      "resolved": "https://registry.npm.taobao.org/stream-buffers/download/stream-buffers-2.2.0.tgz",
      "integrity": "sha512-uyQK/mx5QjHun80FLJTfaWE7JtwfRMKBLkMne6udYOmvH0CawotVa7TfgYHzAnpphn4+TweIx1QKMnRIbipmUg=="
    },
    "uuid": {
      "version": "3.4.0",
      "resolved": "https://registry.npm.taobao.org/uuid/download/uuid-3.4.0.tgz?cache=0&sync_timestamp=1595884856212&other_urls=https%3A%2F%2Fregistry.npm.taobao.org%2Fuuid%2Fdownload%2Fuuid-3.4.0.tgz",
      "integrity": "sha1-sj5DWK+oogL+ehAK8fX4g/AgB+4="
    },
    "wrappy": {
      "version": "1.0.2",
      "resolved": "https://registry.npm.taobao.org/wrappy/download/wrappy-1.0.2.tgz",
      "integrity": "sha512-l4Sp/DRseor9wL6EvV2+TuQn63dMkPjZ/sp9XkghTEbV9KlPS1xUsZ3u7/IQO4wxtcFB4bgpQPRcR3QCvezPcQ=="
    },
    "xcode": {
      "version": "2.1.0",
      "resolved": "https://registry.npm.taobao.org/xcode/download/xcode-2.1.0.tgz",
      "integrity": "sha512-uCrmPITrqTEzhn0TtT57fJaNaw8YJs1aCzs+P/QqxsDbvPZSv7XMPPwXrKvHtD6pLjBM/NaVwraWJm8q83Y4iQ==",
      "requires": {
        "simple-plist": "^1.0.0",
        "uuid": "^3.3.2"
      }
    },
    "xml2js": {
      "version": "0.4.23",
      "resolved": "https://registry.npm.taobao.org/xml2js/download/xml2js-0.4.23.tgz",
      "integrity": "sha512-ySPiMjM0+pLDftHgXY4By0uswI3SPKLDw/i3UXbnO8M/p28zqexCUoPmQFrYD+/1BzhGJSs2i1ERWKJAtiLrug==",
      "requires": {
        "sax": ">=0.6.0",
        "xmlbuilder": "~11.0.0"
      },
      "dependencies": {
        "xmlbuilder": {
          "version": "11.0.1",
          "resolved": "https://registry.npm.taobao.org/xmlbuilder/download/xmlbuilder-11.0.1.tgz",
          "integrity": "sha512-fDlsI/kFEx7gLvbecc0/ohLG50fugQp8ryHzMTuW9vSa1GJ0XYWKnhsUx7oie3G98+r56aTQIUB4kht42R3JvA=="
        }
      }
    },
    "xmlbuilder": {
      "version": "9.0.7",
      "resolved": "https://registry.npm.taobao.org/xmlbuilder/download/xmlbuilder-9.0.7.tgz",
      "integrity": "sha1-Ey7mPS7FVlxVfiD0wi35rKaGsQ0="
    },
    "xmldom": {
      "version": "0.1.31",
      "resolved": "https://registry.npm.taobao.org/xmldom/download/xmldom-0.1.31.tgz?cache=0&other_urls=https%3A%2F%2Fregistry.npm.taobao.org%2Fxmldom%2Fdownload%2Fxmldom-0.1.31.tgz",
      "integrity": "sha1-t2yaG9nwqXN+WnLcNyMc84N14v8="
    }
  }
}
